
Microsoft Visual Studio Solution File, Format Version 12.00
# Visual Studio Version 17
VisualStudioVersion = 17.14.36310.24
MinimumVisualStudioVersion = 10.0.40219.1
Project("{FAE04EC0-301F-11D3-BF4B-00C04F79EFBC}") = "DocNote2", "DocNote2.csproj", "{962361F8-A378-43EE-82A6-CE666514A8ED}"
EndProject
Global
	GlobalSection(SolutionConfigurationPlatforms) = preSolution
		Debug|Any CPU = Debug|Any CPU
		Release|Any CPU = Release|Any CPU
	EndGlobalSection
	GlobalSection(ProjectConfigurationPlatforms) = postSolution
		{962361F8-A378-43EE-82A6-CE666514A8ED}.Debug|Any CPU.ActiveCfg = Debug|Any CPU
		{962361F8-A378-43EE-82A6-CE666514A8ED}.Debug|Any CPU.Build.0 = Debug|Any CPU
		{962361F8-A378-43EE-82A6-CE666514A8ED}.Release|Any CPU.ActiveCfg = Release|Any CPU
		{962361F8-A378-43EE-82A6-CE666514A8ED}.Release|Any CPU.Build.0 = Release|Any CPU
	EndGlobalSection
	GlobalSection(SolutionProperties) = preSolution
		HideSolutionNode = FALSE
	EndGlobalSection
	GlobalSection(ExtensibilityGlobals) = postSolution
		SolutionGuid = {F16D688F-7C0B-4BCA-A42D-134DB3F4E146}
	EndGlobalSection
EndGlobal
